# This file is @generated by PDM.
# It is not intended for manual editing.

[[package]]
name = "et-xmlfile"
version = "1.1.0"
requires_python = ">=3.6"
summary = "An implementation of lxml.xmlfile for the standard library"

[[package]]
name = "openpyxl"
version = "3.1.2"
requires_python = ">=3.6"
summary = "A Python library to read/write Excel 2010 xlsx/xlsm files"
dependencies = [
    "et-xmlfile",
]

[metadata]
lock_version = "4.2"
cross_platform = true
groups = ["default"]
content_hash = "sha256:a488b42a52d72a73b8987491d0156ae8331182adf25facf45866b0825698047e"

[metadata.files]
"et-xmlfile 1.1.0" = [
    {url = "https://files.pythonhosted.org/packages/3d/5d/0413a31d184a20c763ad741cc7852a659bf15094c24840c5bdd1754765cd/et_xmlfile-1.1.0.tar.gz", hash = "sha256:8eb9e2bc2f8c97e37a2dc85a09ecdcdec9d8a396530a6d5a33b30b9a92da0c5c"},
    {url = "https://files.pythonhosted.org/packages/96/c2/3dd434b0108730014f1b96fd286040dc3bcb70066346f7e01ec2ac95865f/et_xmlfile-1.1.0-py3-none-any.whl", hash = "sha256:a2ba85d1d6a74ef63837eed693bcb89c3f752169b0e3e7ae5b16ca5e1b3deada"},
]
"openpyxl 3.1.2" = [
    {url = "https://files.pythonhosted.org/packages/42/e8/af028681d493814ca9c2ff8106fc62a4a32e4e0ae14602c2a98fc7b741c8/openpyxl-3.1.2.tar.gz", hash = "sha256:a6f5977418eff3b2d5500d54d9db50c8277a368436f4e4f8ddb1be3422870184"},
    {url = "https://files.pythonhosted.org/packages/6a/94/a59521de836ef0da54aaf50da6c4da8fb4072fb3053fa71f052fd9399e7a/openpyxl-3.1.2-py2.py3-none-any.whl", hash = "sha256:f91456ead12ab3c6c2e9491cf33ba6d08357d802192379bb482f1033ade496f5"},
]
